// !$*UTF8*$!
{
	archiveVersion = 1;
	classes = {
	};
	objectVersion = 48;
	objects = {

/* Begin PBXBuildFile section */
		1B5D21201FAFC0DE00050A43 /* GoogleService-Info.plist in Resources */ = {isa = PBXBuildFile; fileRef = 1B5D211F1FAFC0DE00050A43 /* GoogleService-Info.plist */; };
		1B5D21221FAFC6CD00050A43 /* SignInViewController.swift in Sources */ = {isa = PBXBuildFile; fileRef = 1B5D21211FAFC6CD00050A43 /* SignInViewController.swift */; };
		1B5D21241FAFD95100050A43 /* HomeViewController.swift in Sources */ = {isa = PBXBuildFile; fileRef = 1B5D21231FAFD95100050A43 /* HomeViewController.swift */; };
		1BA851771FAFA00900BA5E9A /* AppDelegate.swift in Sources */ = {isa = PBXBuildFile; fileRef = 1BA851761FAFA00900BA5E9A /* AppDelegate.swift */; };
		1BA8517C1FAFA00900BA5E9A /* Main.storyboard in Resources */ = {isa = PBXBuildFile; fileRef = 1BA8517A1FAFA00900BA5E9A /* Main.storyboard */; };
		1BA8517F1FAFA00900BA5E9A /* VolumeStrength.xcdatamodeld in Sources */ = {isa = PBXBuildFile; fileRef = 1BA8517D1FAFA00900BA5E9A /* VolumeStrength.xcdatamodeld */; };
		1BA851811FAFA00900BA5E9A /* Assets.xcassets in Resources */ = {isa = PBXBuildFile; fileRef = 1BA851801FAFA00900BA5E9A /* Assets.xcassets */; };
		1BA851841FAFA00900BA5E9A /* LaunchScreen.storyboard in Resources */ = {isa = PBXBuildFile; fileRef = 1BA851821FAFA00900BA5E9A /* LaunchScreen.storyboard */; };
		749967A40E05660963DEC1EC /* Pods_VolumeStrength.framework in Frameworks */ = {isa = PBXBuildFile; fileRef = F846BE5726A6F28583446CB8 /* Pods_VolumeStrength.framework */; };
/* End PBXBuildFile section */

/* Begin PBXFileReference section */
		1B5D211F1FAFC0DE00050A43 /* GoogleService-Info.plist */ = {isa = PBXFileReference; fileEncoding = 4; lastKnownFileType = text.plist.xml; path = "GoogleService-Info.plist"; sourceTree = "<group>"; };
		1B5D21211FAFC6CD00050A43 /* SignInViewController.swift */ = {isa = PBXFileReference; fileEncoding = 4; lastKnownFileType = sourcecode.swift; path = SignInViewController.swift; sourceTree = "<group>"; };
		1B5D21231FAFD95100050A43 /* HomeViewController.swift */ = {isa = PBXFileReference; lastKnownFileType = sourcecode.swift; path = HomeViewController.swift; sourceTree = "<group>"; };
		1BA851731FAFA00900BA5E9A /* VolumeStrength.app */ = {isa = PBXFileReference; explicitFileType = wrapper.application; includeInIndex = 0; path = VolumeStrength.app; sourceTree = BUILT_PRODUCTS_DIR; };
		1BA851761FAFA00900BA5E9A /* AppDelegate.swift */ = {isa = PBXFileReference; lastKnownFileType = sourcecode.swift; path = AppDelegate.swift; sourceTree = "<group>"; };
		1BA8517B1FAFA00900BA5E9A /* Base */ = {isa = PBXFileReference; lastKnownFileType = file.storyboard; name = Base; path = Base.lproj/Main.storyboard; sourceTree = "<group>"; };
		1BA8517E1FAFA00900BA5E9A /* VolumeStrength.xcdatamodel */ = {isa = PBXFileReference; lastKnownFileType = wrapper.xcdatamodel; path = VolumeStrength.xcdatamodel; sourceTree = "<group>"; };
		1BA851801FAFA00900BA5E9A /* Assets.xcassets */ = {isa = PBXFileReference; lastKnownFileType = folder.assetcatalog; path = Assets.xcassets; sourceTree = "<group>"; };
		1BA851831FAFA00900BA5E9A /* Base */ = {isa = PBXFileReference; lastKnownFileType = file.storyboard; name = Base; path = Base.lproj/LaunchScreen.storyboard; sourceTree = "<group>"; };
		1BA851851FAFA00900BA5E9A /* Info.plist */ = {isa = PBXFileReference; lastKnownFileType = text.plist.xml; path = Info.plist; sourceTree = "<group>"; };
		30AD81FE1E460C74D609ABBC /* Pods-VolumeStrength.debug.xcconfig */ = {isa = PBXFileReference; includeInIndex = 1; lastKnownFileType = text.xcconfig; name = "Pods-VolumeStrength.debug.xcconfig"; path = "Pods/Target Support Files/Pods-VolumeStrength/Pods-VolumeStrength.debug.xcconfig"; sourceTree = "<group>"; };
		7C616EA26B269D3F4C579B2F /* Pods-VolumeStrength.release.xcconfig */ = {isa = PBXFileReference; includeInIndex = 1; lastKnownFileType = text.xcconfig; name = "Pods-VolumeStrength.release.xcconfig"; path = "Pods/Target Support Files/Pods-VolumeStrength/Pods-VolumeStrength.release.xcconfig"; sourceTree = "<group>"; };
		F846BE5726A6F28583446CB8 /* Pods_VolumeStrength.framework */ = {isa = PBXFileReference; explicitFileType = wrapper.framework; includeInIndex = 0; path = Pods_VolumeStrength.framework; sourceTree = BUILT_PRODUCTS_DIR; };
/* End PBXFileReference section */

/* Begin PBXFrameworksBuildPhase section */
		1BA851701FAFA00900BA5E9A /* Frameworks */ = {
			isa = PBXFrameworksBuildPhase;
			buildActionMask = 2147483647;
			files = (
				749967A40E05660963DEC1EC /* Pods_VolumeStrength.framework in Frameworks */,
			);
			runOnlyForDeploymentPostprocessing = 0;
		};
/* End PBXFrameworksBuildPhase section */

/* Begin PBXGroup section */
		1BA8516A1FAFA00800BA5E9A = {
			isa = PBXGroup;
			children = (
				1BA851751FAFA00900BA5E9A /* VolumeStrength */,
				1BA851741FAFA00900BA5E9A /* Products */,
				9F3FAFBE2DB7B9133C4391A6 /* Pods */,
				4A9168BEDFA115E00977BB8C /* Frameworks */,
			);
			sourceTree = "<group>";
		};
		1BA851741FAFA00900BA5E9A /* Products */ = {
			isa = PBXGroup;
			children = (
				1BA851731FAFA00900BA5E9A /* VolumeStrength.app */,
			);
			name = Products;
			sourceTree = "<group>";
		};
		1BA851751FAFA00900BA5E9A /* VolumeStrength */ = {
			isa = PBXGroup;
			children = (
				1BA851761FAFA00900BA5E9A /* AppDelegate.swift */,
				1B5D21211FAFC6CD00050A43 /* SignInViewController.swift */,
				1B5D21231FAFD95100050A43 /* HomeViewController.swift */,
				1BA8517A1FAFA00900BA5E9A /* Main.storyboard */,
				1BA851801FAFA00900BA5E9A /* Assets.xcassets */,
				1BA851821FAFA00900BA5E9A /* LaunchScreen.storyboard */,
				1BA851851FAFA00900BA5E9A /* Info.plist */,
				1B5D211F1FAFC0DE00050A43 /* GoogleService-Info.plist */,
				1BA8517D1FAFA00900BA5E9A /* VolumeStrength.xcdatamodeld */,
			);
			path = VolumeStrength;
			sourceTree = "<group>";
		};
		4A9168BEDFA115E00977BB8C /* Frameworks */ = {
			isa = PBXGroup;
			children = (
				F846BE5726A6F28583446CB8 /* Pods_VolumeStrength.framework */,
			);
			name = Frameworks;
			sourceTree = "<group>";
		};
		9F3FAFBE2DB7B9133C4391A6 /* Pods */ = {
			isa = PBXGroup;
			children = (
				30AD81FE1E460C74D609ABBC /* Pods-VolumeStrength.debug.xcconfig */,
				7C616EA26B269D3F4C579B2F /* Pods-VolumeStrength.release.xcconfig */,
			);
			name = Pods;
			sourceTree = "<group>";
		};
/* End PBXGroup section */

/* Begin PBXNativeTarget section */
		1BA851721FAFA00900BA5E9A /* VolumeStrength */ = {
			isa = PBXNativeTarget;
			buildConfigurationList = 1BA851881FAFA00900BA5E9A /* Build configuration list for PBXNativeTarget "VolumeStrength" */;
			buildPhases = (
				D2AA697CC004185011B7D344 /* [CP] Check Pods Manifest.lock */,
				1BA8516F1FAFA00900BA5E9A /* Sources */,
				1BA851701FAFA00900BA5E9A /* Frameworks */,
				1BA851711FAFA00900BA5E9A /* Resources */,
				E3C9BBE9C5C9DF944DD7B57E /* [CP] Embed Pods Frameworks */,
				0A9B79AE186C4ECB180831B5 /* [CP] Copy Pods Resources */,
			);
			buildRules = (
			);
			dependencies = (
			);
			name = VolumeStrength;
			productName = VolumeStrength;
			productReference = 1BA851731FAFA00900BA5E9A /* VolumeStrength.app */;
			productType = "com.apple.product-type.application";
		};
/* End PBXNativeTarget section */

/* Begin PBXProject section */
		1BA8516B1FAFA00800BA5E9A /* Project object */ = {
			isa = PBXProject;
			attributes = {
				LastSwiftUpdateCheck = 0910;
				LastUpgradeCheck = 0910;
				ORGANIZATIONNAME = DiGiHayes;
				TargetAttributes = {
					1BA851721FAFA00900BA5E9A = {
						CreatedOnToolsVersion = 9.1;
						ProvisioningStyle = Automatic;
					};
				};
			};
			buildConfigurationList = 1BA8516E1FAFA00800BA5E9A /* Build configuration list for PBXProject "VolumeStrength" */;
			compatibilityVersion = "Xcode 8.0";
			developmentRegion = en;
			hasScannedForEncodings = 0;
			knownRegions = (
				en,
				Base,
			);
			mainGroup = 1BA8516A1FAFA00800BA5E9A;
			productRefGroup = 1BA851741FAFA00900BA5E9A /* Products */;
			projectDirPath = "";
			projectRoot = "";
			targets = (
				1BA851721FAFA00900BA5E9A /* VolumeStrength */,
			);
		};
/* End PBXProject section */

/* Begin PBXResourcesBuildPhase section */
		1BA851711FAFA00900BA5E9A /* Resources */ = {
			isa = PBXResourcesBuildPhase;
			buildActionMask = 2147483647;
			files = (
				1BA851841FAFA00900BA5E9A /* LaunchScreen.storyboard in Resources */,
				1B5D21201FAFC0DE00050A43 /* GoogleService-Info.plist in Resources */,
				1BA851811FAFA00900BA5E9A /* Assets.xcassets in Resources */,
				1BA8517C1FAFA00900BA5E9A /* Main.storyboard in Resources */,
			);
			runOnlyForDeploymentPostprocessing = 0;
		};
/* End PBXResourcesBuildPhase section */

/* Begin PBXShellScriptBuildPhase section */
		0A9B79AE186C4ECB180831B5 /* [CP] Copy Pods Resources */ = {
			isa = PBXShellScriptBuildPhase;
			buildActionMask = 2147483647;
			files = (
			);
			inputPaths = (
			);
			name = "[CP] Copy Pods Resources";
			outputPaths = (
			);
			runOnlyForDeploymentPostprocessing = 0;
			shellPath = /bin/sh;
			shellScript = "\"${SRCROOT}/Pods/Target Support Files/Pods-VolumeStrength/Pods-VolumeStrength-resources.sh\"\n";
			showEnvVarsInLog = 0;
		};
		D2AA697CC004185011B7D344 /* [CP] Check Pods Manifest.lock */ = {
			isa = PBXShellScriptBuildPhase;
			buildActionMask = 2147483647;
			files = (
			);
			inputPaths = (
				"${PODS_PODFILE_DIR_PATH}/Podfile.lock",
				"${PODS_ROOT}/Manifest.lock",
			);
			name = "[CP] Check Pods Manifest.lock";
			outputPaths = (
				"$(DERIVED_FILE_DIR)/Pods-VolumeStrength-checkManifestLockResult.txt",
			);
			runOnlyForDeploymentPostprocessing = 0;
			shellPath = /bin/sh;
			shellScript = "diff \"${PODS_PODFILE_DIR_PATH}/Podfile.lock\" \"${PODS_ROOT}/Manifest.lock\" > /dev/null\nif [ $? != 0 ] ; then\n    # print error to STDERR\n    echo \"error: The sandbox is not in sync with the Podfile.lock. Run 'pod install' or update your CocoaPods installation.\" >&2\n    exit 1\nfi\n# This output is used by Xcode 'outputs' to avoid re-running this script phase.\necho \"SUCCESS\" > \"${SCRIPT_OUTPUT_FILE_0}\"\n";
			showEnvVarsInLog = 0;
		};
		E3C9BBE9C5C9DF944DD7B57E /* [CP] Embed Pods Frameworks */ = {
			isa = PBXShellScriptBuildPhase;
			buildActionMask = 2147483647;
			files = (
			);
			inputPaths = (
				"${SRCROOT}/Pods/Target Support Files/Pods-VolumeStrength/Pods-VolumeStrength-frameworks.sh",
				"${BUILT_PRODUCTS_DIR}/GTMSessionFetcher/GTMSessionFetcher.framework",
				"${BUILT_PRODUCTS_DIR}/GoogleToolboxForMac/GoogleToolboxForMac.framework",
				"${BUILT_PRODUCTS_DIR}/leveldb-library/leveldb.framework",
				"${BUILT_PRODUCTS_DIR}/nanopb/nanopb.framework",
			);
			name = "[CP] Embed Pods Frameworks";
			outputPaths = (
				"${TARGET_BUILD_DIR}/${FRAMEWORKS_FOLDER_PATH}/GTMSessionFetcher.framework",
				"${TARGET_BUILD_DIR}/${FRAMEWORKS_FOLDER_PATH}/GoogleToolboxForMac.framework",
				"${TARGET_BUILD_DIR}/${FRAMEWORKS_FOLDER_PATH}/leveldb.framework",
				"${TARGET_BUILD_DIR}/${FRAMEWORKS_FOLDER_PATH}/nanopb.framework",
			);
			runOnlyForDeploymentPostprocessing = 0;
			shellPath = /bin/sh;
			shellScript = "\"${SRCROOT}/Pods/Target Support Files/Pods-VolumeStrength/Pods-VolumeStrength-frameworks.sh\"\n";
			showEnvVarsInLog = 0;
		};
/* End PBXShellScriptBuildPhase section */

/* Begin PBXSourcesBuildPhase section */
		1BA8516F1FAFA00900BA5E9A /* Sources */ = {
			isa = PBXSourcesBuildPhase;
			buildActionMask = 2147483647;
			files = (
				1BA8517F1FAFA00900BA5E9A /* VolumeStrength.xcdatamodeld in Sources */,
				1BA851771FAFA00900BA5E9A /* AppDelegate.swift in Sources */,
				1B5D21221FAFC6CD00050A43 /* SignInViewController.swift in Sources */,
				1B5D21241FAFD95100050A43 /* HomeViewController.swift in Sources */,
			);
			runOnlyForDeploymentPostprocessing = 0;
		};
/* End PBXSourcesBuildPhase section */

/* Begin PBXVariantGroup section */
		1BA8517A1FAFA00900BA5E9A /* Main.storyboard */ = {
			isa = PBXVariantGroup;
			children = (
				1BA8517B1FAFA00900BA5E9A /* Base */,
			);
			name = Main.storyboard;
			sourceTree = "<group>";
		};
		1BA851821FAFA00900BA5E9A /* LaunchScreen.storyboard */ = {
			isa = PBXVariantGroup;
			children = (
				1BA851831FAFA00900BA5E9A /* Base */,
			);
			name = LaunchScreen.storyboard;
			sourceTree = "<group>";
		};
/* End PBXVariantGroup section */

/* Begin XCBuildConfiguration section */
		1BA851861FAFA00900BA5E9A /* Debug */ = {
			isa = XCBuildConfiguration;
			buildSettings = {
				ALWAYS_SEARCH_USER_PATHS = NO;
				CLANG_ANALYZER_NONNULL = YES;
				CLANG_ANALYZER_NUMBER_OBJECT_CONVERSION = YES_AGGRESSIVE;
				CLANG_CXX_LANGUAGE_STANDARD = "gnu++14";
				CLANG_CXX_LIBRARY = "libc++";
				CLANG_ENABLE_MODULES = YES;
				CLANG_ENABLE_OBJC_ARC = YES;
				CLANG_WARN_BLOCK_CAPTURE_AUTORELEASING = YES;
				CLANG_WARN_BOOL_CONVERSION = YES;
				CLANG_WARN_COMMA = YES;
				CLANG_WARN_CONSTANT_CONVERSION = YES;
				CLANG_WARN_DIRECT_OBJC_ISA_USAGE = YES_ERROR;
				CLANG_WARN_DOCUMENTATION_COMMENTS = YES;
				CLANG_WARN_EMPTY_BODY = YES;
				CLANG_WARN_ENUM_CONVERSION = YES;
				CLANG_WARN_INFINITE_RECURSION = YES;
				CLANG_WARN_INT_CONVERSION = YES;
				CLANG_WARN_NON_LITERAL_NULL_CONVERSION = YES;
				CLANG_WARN_OBJC_LITERAL_CONVERSION = YES;
				CLANG_WARN_OBJC_ROOT_CLASS = YES_ERROR;
				CLANG_WARN_RANGE_LOOP_ANALYSIS = YES;
				CLANG_WARN_STRICT_PROTOTYPES = YES;
				CLANG_WARN_SUSPICIOUS_MOVE = YES;
				CLANG_WARN_UNGUARDED_AVAILABILITY = YES_AGGRESSIVE;
				CLANG_WARN_UNREACHABLE_CODE = YES;
				CLANG_WARN__DUPLICATE_METHOD_MATCH = YES;
				CODE_SIGN_IDENTITY = "iPhone Developer";
				COPY_PHASE_STRIP = NO;
				DEBUG_INFORMATION_FORMAT = dwarf;
				ENABLE_STRICT_OBJC_MSGSEND = YES;
				ENABLE_TESTABILITY = YES;
				GCC_C_LANGUAGE_STANDARD = gnu11;
				GCC_DYNAMIC_NO_PIC = NO;
				GCC_NO_COMMON_BLOCKS = YES;
				GCC_OPTIMIZATION_LEVEL = 0;
				GCC_PREPROCESSOR_DEFINITIONS = (
					"DEBUG=1",
					"$(inherited)",
				);
				GCC_WARN_64_TO_32_BIT_CONVERSION = YES;
				GCC_WARN_ABOUT_RETURN_TYPE = YES_ERROR;
				GCC_WARN_UNDECLARED_SELECTOR = YES;
				GCC_WARN_UNINITIALIZED_AUTOS = YES_AGGRESSIVE;
				GCC_WARN_UNUSED_FUNCTION = YES;
				GCC_WARN_UNUSED_VARIABLE = YES;
				IPHONEOS_DEPLOYMENT_TARGET = 11.1;
				MTL_ENABLE_DEBUG_INFO = YES;
				ONLY_ACTIVE_ARCH = YES;
				SDKROOT = iphoneos;
				SWIFT_ACTIVE_COMPILATION_CONDITIONS = DEBUG;
				SWIFT_OPTIMIZATION_LEVEL = "-Onone";
			};
			name = Debug;
		};
		1BA851871FAFA00900BA5E9A /* Release */ = {
			isa = XCBuildConfiguration;
			buildSettings = {
				ALWAYS_SEARCH_USER_PATHS = NO;
				CLANG_ANALYZER_NONNULL = YES;
				CLANG_ANALYZER_NUMBER_OBJECT_CONVERSION = YES_AGGRESSIVE;
				CLANG_CXX_LANGUAGE_STANDARD = "gnu++14";
				CLANG_CXX_LIBRARY = "libc++";
				CLANG_ENABLE_MODULES = YES;
				CLANG_ENABLE_OBJC_ARC = YES;
				CLANG_WARN_BLOCK_CAPTURE_AUTORELEASING = YES;
				CLANG_WARN_BOOL_CONVERSION = YES;
				CLANG_WARN_COMMA = YES;
				CLANG_WARN_CONSTANT_CONVERSION = YES;
				CLANG_WARN_DIRECT_OBJC_ISA_USAGE = YES_ERROR;
				CLANG_WARN_DOCUMENTATION_COMMENTS = YES;
				CLANG_WARN_EMPTY_BODY = YES;
				CLANG_WARN_ENUM_CONVERSION = YES;
				CLANG_WARN_INFINITE_RECURSION = YES;
				CLANG_WARN_INT_CONVERSION = YES;
				CLANG_WARN_NON_LITERAL_NULL_CONVERSION = YES;
				CLANG_WARN_OBJC_LITERAL_CONVERSION = YES;
				CLANG_WARN_OBJC_ROOT_CLASS = YES_ERROR;
				CLANG_WARN_RANGE_LOOP_ANALYSIS = YES;
				CLANG_WARN_STRICT_PROTOTYPES = YES;
				CLANG_WARN_SUSPICIOUS_MOVE = YES;
				CLANG_WARN_UNGUARDED_AVAILABILITY = YES_AGGRESSIVE;
				CLANG_WARN_UNREACHABLE_CODE = YES;
				CLANG_WARN__DUPLICATE_METHOD_MATCH = YES;
				CODE_SIGN_IDENTITY = "iPhone Developer";
				COPY_PHASE_STRIP = NO;
				DEBUG_INFORMATION_FORMAT = "dwarf-with-dsym";
				ENABLE_NS_ASSERTIONS = NO;
				ENABLE_STRICT_OBJC_MSGSEND = YES;
				GCC_C_LANGUAGE_STANDARD = gnu11;
				GCC_NO_COMMON_BLOCKS = YES;
				GCC_WARN_64_TO_32_BIT_CONVERSION = YES;
				GCC_WARN_ABOUT_RETURN_TYPE = YES_ERROR;
				GCC_WARN_UNDECLARED_SELECTOR = YES;
				GCC_WARN_UNINITIALIZED_AUTOS = YES_AGGRESSIVE;
				GCC_WARN_UNUSED_FUNCTION = YES;
				GCC_WARN_UNUSED_VARIABLE = YES;
				IPHONEOS_DEPLOYMENT_TARGET = 11.1;
				MTL_ENABLE_DEBUG_INFO = NO;
				SDKROOT = iphoneos;
				SWIFT_OPTIMIZATION_LEVEL = "-Owholemodule";
				VALIDATE_PRODUCT = YES;
			};
			name = Release;
		};
		1BA851891FAFA00900BA5E9A /* Debug */ = {
			isa = XCBuildConfiguration;
			baseConfigurationReference = 30AD81FE1E460C74D609ABBC /* Pods-VolumeStrength.debug.xcconfig */;
			buildSettings = {
				ASSETCATALOG_COMPILER_APPICON_NAME = AppIcon;
				CODE_SIGN_STYLE = Automatic;
				DEVELOPMENT_TEAM = C264QC4X49;
				INFOPLIST_FILE = VolumeStrength/Info.plist;
				LD_RUNPATH_SEARCH_PATHS = "$(inherited) @executable_path/Frameworks";
				PRODUCT_BUNDLE_IDENTIFIER = com.volumestrengthtraining.VolumeStrength;
				PRODUCT_NAME = "$(TARGET_NAME)";
				SWIFT_VERSION = 4.0;
				TARGETED_DEVICE_FAMILY = "1,2";
			};
			name = Debug;
		};
		1BA8518A1FAFA00900BA5E9A /* Release */ = {
			isa = XCBuildConfiguration;
			baseConfigurationReference = 7C616EA26B269D3F4C579B2F /* Pods-VolumeStrength.release.xcconfig */;
			buildSettings = {
				ASSETCATALOG_COMPILER_APPICON_NAME = AppIcon;
				CODE_SIGN_STYLE = Automatic;
				DEVELOPMENT_TEAM = C264QC4X49;
				INFOPLIST_FILE = VolumeStrength/Info.plist;
				LD_RUNPATH_SEARCH_PATHS = "$(inherited) @executable_path/Frameworks";
				PRODUCT_BUNDLE_IDENTIFIER = com.volumestrengthtraining.VolumeStrength;
				PRODUCT_NAME = "$(TARGET_NAME)";
				SWIFT_VERSION = 4.0;
				TARGETED_DEVICE_FAMILY = "1,2";
			};
			name = Release;
		};
/* End XCBuildConfiguration section */

/* Begin XCConfigurationList section */
		1BA8516E1FAFA00800BA5E9A /* Build configuration list for PBXProject "VolumeStrength" */ = {
			isa = XCConfigurationList;
			buildConfigurations = (
				1BA851861FAFA00900BA5E9A /* Debug */,
				1BA851871FAFA00900BA5E9A /* Release */,
			);
			defaultConfigurationIsVisible = 0;
			defaultConfigurationName = Release;
		};
		1BA851881FAFA00900BA5E9A /* Build configuration list for PBXNativeTarget "VolumeStrength" */ = {
			isa = XCConfigurationList;
			buildConfigurations = (
				1BA851891FAFA00900BA5E9A /* Debug */,
				1BA8518A1FAFA00900BA5E9A /* Release */,
			);
			defaultConfigurationIsVisible = 0;
			defaultConfigurationName = Release;
		};
/* End XCConfigurationList section */

/* Begin XCVersionGroup section */
		1BA8517D1FAFA00900BA5E9A /* VolumeStrength.xcdatamodeld */ = {
			isa = XCVersionGroup;
			children = (
				1BA8517E1FAFA00900BA5E9A /* VolumeStrength.xcdatamodel */,
			);
			currentVersion = 1BA8517E1FAFA00900BA5E9A /* VolumeStrength.xcdatamodel */;
			path = VolumeStrength.xcdatamodeld;
			sourceTree = "<group>";
			versionGroupType = wrapper.xcdatamodel;
		};
/* End XCVersionGroup section */
	};
	rootObject = 1BA8516B1FAFA00800BA5E9A /* Project object */;
}
